
Microsoft Visual Studio Solution File, Format Version 12.00
# Visual Studio 15
VisualStudioVersion = 15.0.27428.2027
MinimumVisualStudioVersion = 10.0.40219.1
Project("{FAE04EC0-301F-11D3-BF4B-00C04F79EFBC}") = "projeto_PI", "projeto_PI\projeto_PI.csproj", "{9E9C5BA5-487B-4D46-A9A3-1AC60DD54364}"
EndProject
Global
	GlobalSection(SolutionConfigurationPlatforms) = preSolution
		Debug|Any CPU = Debug|Any CPU
		Release|Any CPU = Release|Any CPU
	EndGlobalSection
	GlobalSection(ProjectConfigurationPlatforms) = postSolution
		{9E9C5BA5-487B-4D46-A9A3-1AC60DD54364}.Debug|Any CPU.ActiveCfg = Debug|Any CPU
		{9E9C5BA5-487B-4D46-A9A3-1AC60DD54364}.Debug|Any CPU.Build.0 = Debug|Any CPU
		{9E9C5BA5-487B-4D46-A9A3-1AC60DD54364}.Release|Any CPU.ActiveCfg = Release|Any CPU
		{9E9C5BA5-487B-4D46-A9A3-1AC60DD54364}.Release|Any CPU.Build.0 = Release|Any CPU
	EndGlobalSection
	GlobalSection(SolutionProperties) = preSolution
		HideSolutionNode = FALSE
	EndGlobalSection
	GlobalSection(ExtensibilityGlobals) = postSolution
		SolutionGuid = {C5E4C65C-2E24-49E8-B566-33293327CC1A}
	EndGlobalSection
EndGlobal
